
Microsoft Visual Studio Solution File, Format Version 12.00
# Visual Studio Version 17
VisualStudioVersion = 17.14.36811.4
MinimumVisualStudioVersion = 10.0.40219.1
Project("{FAE04EC0-301F-11D3-BF4B-00C04F79EFBC}") = "Tk_Kosheleva", "Tk_Kosheleva\Tk_Kosheleva.csproj", "{B481A006-1F4A-416C-80D5-8781B420EC8E}"
EndProject
Project("{FAE04EC0-301F-11D3-BF4B-00C04F79EFBC}") = "Tk_Test", "Tk_Test\Tk_Test.csproj", "{BE8F8C9E-51C4-4DC9-9875-1A1D97F79ACB}"
EndProject
Global
	GlobalSection(SolutionConfigurationPlatforms) = preSolution
		Debug|Any CPU = Debug|Any CPU
		Release|Any CPU = Release|Any CPU
	EndGlobalSection
	GlobalSection(ProjectConfigurationPlatforms) = postSolution
		{B481A006-1F4A-416C-80D5-8781B420EC8E}.Debug|Any CPU.ActiveCfg = Debug|Any CPU
		{B481A006-1F4A-416C-80D5-8781B420EC8E}.Debug|Any CPU.Build.0 = Debug|Any CPU
		{B481A006-1F4A-416C-80D5-8781B420EC8E}.Release|Any CPU.ActiveCfg = Release|Any CPU
		{B481A006-1F4A-416C-80D5-8781B420EC8E}.Release|Any CPU.Build.0 = Release|Any CPU
		{BE8F8C9E-51C4-4DC9-9875-1A1D97F79ACB}.Debug|Any CPU.ActiveCfg = Debug|Any CPU
		{BE8F8C9E-51C4-4DC9-9875-1A1D97F79ACB}.Debug|Any CPU.Build.0 = Debug|Any CPU
		{BE8F8C9E-51C4-4DC9-9875-1A1D97F79ACB}.Release|Any CPU.ActiveCfg = Release|Any CPU
		{BE8F8C9E-51C4-4DC9-9875-1A1D97F79ACB}.Release|Any CPU.Build.0 = Release|Any CPU
	EndGlobalSection
	GlobalSection(SolutionProperties) = preSolution
		HideSolutionNode = FALSE
	EndGlobalSection
	GlobalSection(ExtensibilityGlobals) = postSolution
		SolutionGuid = {0F271B28-5CD5-4259-9D08-03BE4D316CDC}
	EndGlobalSection
EndGlobal
